
Microsoft Visual Studio Solution File, Format Version 12.00
# Visual Studio Version 16
VisualStudioVersion = 16.0.33801.447
MinimumVisualStudioVersion = 10.0.40219.1
Project("{FAE04EC0-301F-11D3-BF4B-00C04F79EFBC}") = "WebApplication", "WebApplication.csproj", "{A027723F-356D-41A0-9A06-1BF023D8183C}"
EndProject
Global
	GlobalSection(SolutionConfigurationPlatforms) = preSolution
		Debug|Any CPU = Debug|Any CPU
		Release|Any CPU = Release|Any CPU
	EndGlobalSection
	GlobalSection(ProjectConfigurationPlatforms) = postSolution
		{A027723F-356D-41A0-9A06-1BF023D8183C}.Debug|Any CPU.ActiveCfg = Debug|Any CPU
		{A027723F-356D-41A0-9A06-1BF023D8183C}.Debug|Any CPU.Build.0 = Debug|Any CPU
		{A027723F-356D-41A0-9A06-1BF023D8183C}.Release|Any CPU.ActiveCfg = Release|Any CPU
		{A027723F-356D-41A0-9A06-1BF023D8183C}.Release|Any CPU.Build.0 = Release|Any CPU
	EndGlobalSection
	GlobalSection(SolutionProperties) = preSolution
		HideSolutionNode = FALSE
	EndGlobalSection
	GlobalSection(ExtensibilityGlobals) = postSolution
		SolutionGuid = {2E5E5F08-B165-411F-BDC5-26F5BD4E9113}
	EndGlobalSection
EndGlobal
